// !$*UTF8*$!
{
	archiveVersion = 1;
	classes = {
	};
	objectVersion = 60;
	objects = {

/* Begin PBXFileReference section */
		61646C412DB69D9A00941D45 /* install.d */ = {isa = PBXFileReference; lastKnownFileType = sourcecode.dtrace; path = install.d; sourceTree = "<group>"; };
		61646C442DB69D9A00941D45 /* application.d */ = {isa = PBXFileReference; lastKnownFileType = sourcecode.dtrace; path = application.d; sourceTree = "<group>"; };
		61646C452DB69D9A00941D45 /* arguments.d */ = {isa = PBXFileReference; lastKnownFileType = sourcecode.dtrace; path = arguments.d; sourceTree = "<group>"; };
		61646C472DB69D9A00941D45 /* target.d */ = {isa = PBXFileReference; lastKnownFileType = sourcecode.dtrace; path = target.d; sourceTree = "<group>"; };
		61646C492DB69D9A00941D45 /* apple_sdk_downloader.d */ = {isa = PBXFileReference; lastKnownFileType = sourcecode.dtrace; path = apple_sdk_downloader.d; sourceTree = "<group>"; };
		61646C4A2DB69D9A00941D45 /* apple_sdk_url_finder.d */ = {isa = PBXFileReference; lastKnownFileType = sourcecode.dtrace; path = apple_sdk_url_finder.d; sourceTree = "<group>"; };
		61646C4B2DB69D9A00941D45 /* catalog.d */ = {isa = PBXFileReference; lastKnownFileType = sourcecode.dtrace; path = catalog.d; sourceTree = "<group>"; };
		61646C4D2DB69D9A00941D45 /* generic_sdk_downloader.d */ = {isa = PBXFileReference; lastKnownFileType = sourcecode.dtrace; path = generic_sdk_downloader.d; sourceTree = "<group>"; };
		61646C4E2DB69D9A00941D45 /* sdk_downloader.d */ = {isa = PBXFileReference; lastKnownFileType = sourcecode.dtrace; path = sdk_downloader.d; sourceTree = "<group>"; };
		61646C4F2DB69D9A00941D45 /* sdk_url_builder.d */ = {isa = PBXFileReference; lastKnownFileType = sourcecode.dtrace; path = sdk_url_builder.d; sourceTree = "<group>"; };
		61646C512DB69D9A00941D45 /* algorithms.d */ = {isa = PBXFileReference; lastKnownFileType = sourcecode.dtrace; path = algorithms.d; sourceTree = "<group>"; };
		61646C522DB69D9A00941D45 /* data.d */ = {isa = PBXFileReference; lastKnownFileType = sourcecode.dtrace; path = data.d; sourceTree = "<group>"; };
		61646C532DB69D9A00941D45 /* downloader.d */ = {isa = PBXFileReference; lastKnownFileType = sourcecode.dtrace; path = downloader.d; sourceTree = "<group>"; };
		61646C542DB69D9A00941D45 /* phobos_downloader.d */ = {isa = PBXFileReference; lastKnownFileType = sourcecode.dtrace; path = phobos_downloader.d; sourceTree = "<group>"; };
		61646C552DB69D9A00941D45 /* plist.d */ = {isa = PBXFileReference; lastKnownFileType = sourcecode.dtrace; path = plist.d; sourceTree = "<group>"; };
		61646C572DB69D9A00941D45 /* main.d */ = {isa = PBXFileReference; lastKnownFileType = sourcecode.dtrace; path = main.d; sourceTree = "<group>"; };
		61646C5A2DB69D9A00941D45 /* target.d */ = {isa = PBXFileReference; lastKnownFileType = sourcecode.dtrace; path = target.d; sourceTree = "<group>"; };
		61646C5C2DB69D9A00941D45 /* apple_sdk_downloader.d */ = {isa = PBXFileReference; lastKnownFileType = sourcecode.dtrace; path = apple_sdk_downloader.d; sourceTree = "<group>"; };
		61646C5D2DB69D9A00941D45 /* apple_sdk_url_finder.d */ = {isa = PBXFileReference; lastKnownFileType = sourcecode.dtrace; path = apple_sdk_url_finder.d; sourceTree = "<group>"; };
		61646C5F2DB69D9A00941D45 /* generic_sdk_downloader.d */ = {isa = PBXFileReference; lastKnownFileType = sourcecode.dtrace; path = generic_sdk_downloader.d; sourceTree = "<group>"; };
		61646C602DB69D9A00941D45 /* sdk_url_builder.d */ = {isa = PBXFileReference; lastKnownFileType = sourcecode.dtrace; path = sdk_url_builder.d; sourceTree = "<group>"; };
		61646C622DB69D9A00941D45 /* plist.d */ = {isa = PBXFileReference; lastKnownFileType = sourcecode.dtrace; path = plist.d; sourceTree = "<group>"; };
		61646C652DB69D9A00941D45 /* install.d */ = {isa = PBXFileReference; lastKnownFileType = sourcecode.dtrace; path = install.d; sourceTree = "<group>"; };
/* End PBXFileReference section */

/* Begin PBXGroup section */
		61646C422DB69D9A00941D45 /* sdk */ = {
			isa = PBXGroup;
			children = (
				61646C412DB69D9A00941D45 /* install.d */,
			);
			path = sdk;
			sourceTree = "<group>";
		};
		61646C432DB69D9A00941D45 /* commands */ = {
			isa = PBXGroup;
			children = (
				61646C422DB69D9A00941D45 /* sdk */,
			);
			path = commands;
			sourceTree = "<group>";
		};
		61646C462DB69D9A00941D45 /* application */ = {
			isa = PBXGroup;
			children = (
				61646C432DB69D9A00941D45 /* commands */,
				61646C442DB69D9A00941D45 /* application.d */,
				61646C452DB69D9A00941D45 /* arguments.d */,
			);
			path = application;
			sourceTree = "<group>";
		};
		61646C482DB69D9A00941D45 /* core */ = {
			isa = PBXGroup;
			children = (
				61646C472DB69D9A00941D45 /* target.d */,
			);
			path = core;
			sourceTree = "<group>";
		};
		61646C4C2DB69D9A00941D45 /* apple */ = {
			isa = PBXGroup;
			children = (
				61646C492DB69D9A00941D45 /* apple_sdk_downloader.d */,
				61646C4A2DB69D9A00941D45 /* apple_sdk_url_finder.d */,
				61646C4B2DB69D9A00941D45 /* catalog.d */,
			);
			path = apple;
			sourceTree = "<group>";
		};
		61646C502DB69D9A00941D45 /* sdk */ = {
			isa = PBXGroup;
			children = (
				61646C4C2DB69D9A00941D45 /* apple */,
				61646C4D2DB69D9A00941D45 /* generic_sdk_downloader.d */,
				61646C4E2DB69D9A00941D45 /* sdk_downloader.d */,
				61646C4F2DB69D9A00941D45 /* sdk_url_builder.d */,
			);
			path = sdk;
			sourceTree = "<group>";
		};
		61646C562DB69D9A00941D45 /* utilities */ = {
			isa = PBXGroup;
			children = (
				61646C512DB69D9A00941D45 /* algorithms.d */,
				61646C522DB69D9A00941D45 /* data.d */,
				61646C532DB69D9A00941D45 /* downloader.d */,
				61646C542DB69D9A00941D45 /* phobos_downloader.d */,
				61646C552DB69D9A00941D45 /* plist.d */,
			);
			path = utilities;
			sourceTree = "<group>";
		};
		61646C582DB69D9A00941D45 /* dxc */ = {
			isa = PBXGroup;
			children = (
				61646C462DB69D9A00941D45 /* application */,
				61646C482DB69D9A00941D45 /* core */,
				61646C502DB69D9A00941D45 /* sdk */,
				61646C562DB69D9A00941D45 /* utilities */,
				61646C572DB69D9A00941D45 /* main.d */,
			);
			path = dxc;
			sourceTree = "<group>";
		};
		61646C592DB69D9A00941D45 /* source */ = {
			isa = PBXGroup;
			children = (
				61646C582DB69D9A00941D45 /* dxc */,
			);
			path = source;
			sourceTree = "<group>";
		};
		61646C5B2DB69D9A00941D45 /* core */ = {
			isa = PBXGroup;
			children = (
				61646C5A2DB69D9A00941D45 /* target.d */,
			);
			path = core;
			sourceTree = "<group>";
		};
		61646C5E2DB69D9A00941D45 /* apple */ = {
			isa = PBXGroup;
			children = (
				61646C5C2DB69D9A00941D45 /* apple_sdk_downloader.d */,
				61646C5D2DB69D9A00941D45 /* apple_sdk_url_finder.d */,
			);
			path = apple;
			sourceTree = "<group>";
		};
		61646C612DB69D9A00941D45 /* sdk */ = {
			isa = PBXGroup;
			children = (
				61646C5E2DB69D9A00941D45 /* apple */,
				61646C5F2DB69D9A00941D45 /* generic_sdk_downloader.d */,
				61646C602DB69D9A00941D45 /* sdk_url_builder.d */,
			);
			path = sdk;
			sourceTree = "<group>";
		};
		61646C632DB69D9A00941D45 /* utilities */ = {
			isa = PBXGroup;
			children = (
				61646C622DB69D9A00941D45 /* plist.d */,
			);
			path = utilities;
			sourceTree = "<group>";
		};
		61646C642DB69D9A00941D45 /* dxc */ = {
			isa = PBXGroup;
			children = (
				61646C5B2DB69D9A00941D45 /* core */,
				61646C612DB69D9A00941D45 /* sdk */,
				61646C632DB69D9A00941D45 /* utilities */,
			);
			path = dxc;
			sourceTree = "<group>";
		};
		61646C662DB69D9A00941D45 /* sdk */ = {
			isa = PBXGroup;
			children = (
				61646C652DB69D9A00941D45 /* install.d */,
			);
			path = sdk;
			sourceTree = "<group>";
		};
		61646C672DB69D9A00941D45 /* end_to_end */ = {
			isa = PBXGroup;
			children = (
				61646C662DB69D9A00941D45 /* sdk */,
			);
			path = end_to_end;
			sourceTree = "<group>";
		};
		61646C682DB69D9A00941D45 /* tests */ = {
			isa = PBXGroup;
			children = (
				61646C642DB69D9A00941D45 /* dxc */,
				61646C672DB69D9A00941D45 /* end_to_end */,
			);
			path = tests;
			sourceTree = "<group>";
		};
		61983A4B2C26CF8B007438A1 = {
			isa = PBXGroup;
			children = (
				61646C592DB69D9A00941D45 /* source */,
				61646C682DB69D9A00941D45 /* tests */,
			);
			sourceTree = "<group>";
		};
/* End PBXGroup section */

/* Begin PBXLegacyTarget section */
		61983A502C26CF8B007438A1 /* dxc */ = {
			isa = PBXLegacyTarget;
			buildArgumentsString = build;
			buildConfigurationList = 61983A532C26CF8B007438A1 /* Build configuration list for PBXLegacyTarget "dxc" */;
			buildPhases = (
			);
			buildToolPath = "/Users/jacobcarlborg/.dvm/compilers/ldc-1.39.0/bin/dub";
			buildWorkingDirectory = "";
			dependencies = (
			);
			name = dxc;
			passBuildSettingsInEnvironment = 1;
			productName = dxc;
		};
/* End PBXLegacyTarget section */

/* Begin PBXProject section */
		61983A4C2C26CF8B007438A1 /* Project object */ = {
			isa = PBXProject;
			attributes = {
				BuildIndependentTargetsInParallel = 1;
				LastUpgradeCheck = 1600;
				TargetAttributes = {
					61983A502C26CF8B007438A1 = {
						CreatedOnToolsVersion = 16.0;
					};
				};
			};
			buildConfigurationList = 61983A4F2C26CF8B007438A1 /* Build configuration list for PBXProject "dxc" */;
			compatibilityVersion = "Xcode 15.0";
			developmentRegion = en;
			hasScannedForEncodings = 0;
			knownRegions = (
				en,
				Base,
			);
			mainGroup = 61983A4B2C26CF8B007438A1;
			projectDirPath = "";
			projectRoot = "";
			targets = (
				61983A502C26CF8B007438A1 /* dxc */,
			);
		};
/* End PBXProject section */

/* Begin XCBuildConfiguration section */
		61983A512C26CF8B007438A1 /* Debug */ = {
			isa = XCBuildConfiguration;
			buildSettings = {
				ALWAYS_SEARCH_USER_PATHS = NO;
				ASSETCATALOG_COMPILER_GENERATE_SWIFT_ASSET_SYMBOL_EXTENSIONS = YES;
				CLANG_ANALYZER_NONNULL = YES;
				CLANG_ANALYZER_NUMBER_OBJECT_CONVERSION = YES_AGGRESSIVE;
				CLANG_CXX_LANGUAGE_STANDARD = "gnu++20";
				CLANG_ENABLE_MODULES = YES;
				CLANG_ENABLE_OBJC_ARC = YES;
				CLANG_ENABLE_OBJC_WEAK = YES;
				CLANG_WARN_BLOCK_CAPTURE_AUTORELEASING = YES;
				CLANG_WARN_BOOL_CONVERSION = YES;
				CLANG_WARN_COMMA = YES;
				CLANG_WARN_CONSTANT_CONVERSION = YES;
				CLANG_WARN_DEPRECATED_OBJC_IMPLEMENTATIONS = YES;
				CLANG_WARN_DIRECT_OBJC_ISA_USAGE = YES_ERROR;
				CLANG_WARN_DOCUMENTATION_COMMENTS = YES;
				CLANG_WARN_EMPTY_BODY = YES;
				CLANG_WARN_ENUM_CONVERSION = YES;
				CLANG_WARN_INFINITE_RECURSION = YES;
				CLANG_WARN_INT_CONVERSION = YES;
				CLANG_WARN_NON_LITERAL_NULL_CONVERSION = YES;
				CLANG_WARN_OBJC_IMPLICIT_RETAIN_SELF = YES;
				CLANG_WARN_OBJC_LITERAL_CONVERSION = YES;
				CLANG_WARN_OBJC_ROOT_CLASS = YES_ERROR;
				CLANG_WARN_QUOTED_INCLUDE_IN_FRAMEWORK_HEADER = YES;
				CLANG_WARN_RANGE_LOOP_ANALYSIS = YES;
				CLANG_WARN_STRICT_PROTOTYPES = YES;
				CLANG_WARN_SUSPICIOUS_MOVE = YES;
				CLANG_WARN_UNGUARDED_AVAILABILITY = YES_AGGRESSIVE;
				CLANG_WARN_UNREACHABLE_CODE = YES;
				CLANG_WARN__DUPLICATE_METHOD_MATCH = YES;
				COPY_PHASE_STRIP = NO;
				DEBUG_INFORMATION_FORMAT = dwarf;
				ENABLE_STRICT_OBJC_MSGSEND = YES;
				ENABLE_TESTABILITY = YES;
				ENABLE_USER_SCRIPT_SANDBOXING = YES;
				GCC_C_LANGUAGE_STANDARD = gnu17;
				GCC_DYNAMIC_NO_PIC = NO;
				GCC_NO_COMMON_BLOCKS = YES;
				GCC_OPTIMIZATION_LEVEL = 0;
				GCC_PREPROCESSOR_DEFINITIONS = (
					"DEBUG=1",
					"$(inherited)",
				);
				GCC_WARN_64_TO_32_BIT_CONVERSION = YES;
				GCC_WARN_ABOUT_RETURN_TYPE = YES_ERROR;
				GCC_WARN_UNDECLARED_SELECTOR = YES;
				GCC_WARN_UNINITIALIZED_AUTOS = YES_AGGRESSIVE;
				GCC_WARN_UNUSED_FUNCTION = YES;
				GCC_WARN_UNUSED_VARIABLE = YES;
				LOCALIZATION_PREFERS_STRING_CATALOGS = YES;
				MACOSX_DEPLOYMENT_TARGET = 14.0;
				MTL_ENABLE_DEBUG_INFO = INCLUDE_SOURCE;
				MTL_FAST_MATH = YES;
				ONLY_ACTIVE_ARCH = YES;
			};
			name = Debug;
		};
		61983A522C26CF8B007438A1 /* Release */ = {
			isa = XCBuildConfiguration;
			buildSettings = {
				ALWAYS_SEARCH_USER_PATHS = NO;
				ASSETCATALOG_COMPILER_GENERATE_SWIFT_ASSET_SYMBOL_EXTENSIONS = YES;
				CLANG_ANALYZER_NONNULL = YES;
				CLANG_ANALYZER_NUMBER_OBJECT_CONVERSION = YES_AGGRESSIVE;
				CLANG_CXX_LANGUAGE_STANDARD = "gnu++20";
				CLANG_ENABLE_MODULES = YES;
				CLANG_ENABLE_OBJC_ARC = YES;
				CLANG_ENABLE_OBJC_WEAK = YES;
				CLANG_WARN_BLOCK_CAPTURE_AUTORELEASING = YES;
				CLANG_WARN_BOOL_CONVERSION = YES;
				CLANG_WARN_COMMA = YES;
				CLANG_WARN_CONSTANT_CONVERSION = YES;
				CLANG_WARN_DEPRECATED_OBJC_IMPLEMENTATIONS = YES;
				CLANG_WARN_DIRECT_OBJC_ISA_USAGE = YES_ERROR;
				CLANG_WARN_DOCUMENTATION_COMMENTS = YES;
				CLANG_WARN_EMPTY_BODY = YES;
				CLANG_WARN_ENUM_CONVERSION = YES;
				CLANG_WARN_INFINITE_RECURSION = YES;
				CLANG_WARN_INT_CONVERSION = YES;
				CLANG_WARN_NON_LITERAL_NULL_CONVERSION = YES;
				CLANG_WARN_OBJC_IMPLICIT_RETAIN_SELF = YES;
				CLANG_WARN_OBJC_LITERAL_CONVERSION = YES;
				CLANG_WARN_OBJC_ROOT_CLASS = YES_ERROR;
				CLANG_WARN_QUOTED_INCLUDE_IN_FRAMEWORK_HEADER = YES;
				CLANG_WARN_RANGE_LOOP_ANALYSIS = YES;
				CLANG_WARN_STRICT_PROTOTYPES = YES;
				CLANG_WARN_SUSPICIOUS_MOVE = YES;
				CLANG_WARN_UNGUARDED_AVAILABILITY = YES_AGGRESSIVE;
				CLANG_WARN_UNREACHABLE_CODE = YES;
				CLANG_WARN__DUPLICATE_METHOD_MATCH = YES;
				COPY_PHASE_STRIP = NO;
				DEBUG_INFORMATION_FORMAT = "dwarf-with-dsym";
				ENABLE_NS_ASSERTIONS = NO;
				ENABLE_STRICT_OBJC_MSGSEND = YES;
				ENABLE_USER_SCRIPT_SANDBOXING = YES;
				GCC_C_LANGUAGE_STANDARD = gnu17;
				GCC_NO_COMMON_BLOCKS = YES;
				GCC_WARN_64_TO_32_BIT_CONVERSION = YES;
				GCC_WARN_ABOUT_RETURN_TYPE = YES_ERROR;
				GCC_WARN_UNDECLARED_SELECTOR = YES;
				GCC_WARN_UNINITIALIZED_AUTOS = YES_AGGRESSIVE;
				GCC_WARN_UNUSED_FUNCTION = YES;
				GCC_WARN_UNUSED_VARIABLE = YES;
				LOCALIZATION_PREFERS_STRING_CATALOGS = YES;
				MACOSX_DEPLOYMENT_TARGET = 14.0;
				MTL_ENABLE_DEBUG_INFO = NO;
				MTL_FAST_MATH = YES;
			};
			name = Release;
		};
		61983A542C26CF8B007438A1 /* Debug */ = {
			isa = XCBuildConfiguration;
			buildSettings = {
				CODE_SIGN_STYLE = Automatic;
				DEBUGGING_SYMBOLS = YES;
				DEBUG_INFORMATION_FORMAT = dwarf;
				GCC_GENERATE_DEBUGGING_SYMBOLS = YES;
				GCC_OPTIMIZATION_LEVEL = 0;
				OTHER_CFLAGS = "";
				OTHER_LDFLAGS = "";
				PRODUCT_NAME = "$(TARGET_NAME)";
			};
			name = Debug;
		};
		61983A552C26CF8B007438A1 /* Release */ = {
			isa = XCBuildConfiguration;
			buildSettings = {
				CODE_SIGN_STYLE = Automatic;
				DEBUG_INFORMATION_FORMAT = "dwarf-with-dsym";
				OTHER_CFLAGS = "";
				OTHER_LDFLAGS = "";
				PRODUCT_NAME = "$(TARGET_NAME)";
			};
			name = Release;
		};
/* End XCBuildConfiguration section */

/* Begin XCConfigurationList section */
		61983A4F2C26CF8B007438A1 /* Build configuration list for PBXProject "dxc" */ = {
			isa = XCConfigurationList;
			buildConfigurations = (
				61983A512C26CF8B007438A1 /* Debug */,
				61983A522C26CF8B007438A1 /* Release */,
			);
			defaultConfigurationIsVisible = 0;
			defaultConfigurationName = Release;
		};
		61983A532C26CF8B007438A1 /* Build configuration list for PBXLegacyTarget "dxc" */ = {
			isa = XCConfigurationList;
			buildConfigurations = (
				61983A542C26CF8B007438A1 /* Debug */,
				61983A552C26CF8B007438A1 /* Release */,
			);
			defaultConfigurationIsVisible = 0;
			defaultConfigurationName = Release;
		};
/* End XCConfigurationList section */
	};
	rootObject = 61983A4C2C26CF8B007438A1 /* Project object */;
}
